
Microsoft Visual Studio Solution File, Format Version 12.00
# Visual Studio Version 17
VisualStudioVersion = 17.10.35122.118
MinimumVisualStudioVersion = 10.0.40219.1
Project("{9A19103F-16F7-4668-BE54-9A1E7A4F7556}") = "SchoolManager.API", "SchoolManager.API\SchoolManager.API.csproj", "{B0E3CA6C-1B9F-4CFD-A9AF-A08A7E4CEE54}"
EndProject
Project("{9A19103F-16F7-4668-BE54-9A1E7A4F7556}") = "SchoolManager.Domain", "SchoolManager.Domain\SchoolManager.Domain.csproj", "{49921F2F-0221-4AC9-B176-431FC169F07F}"
EndProject
Global
	GlobalSection(SolutionConfigurationPlatforms) = preSolution
		Debug|Any CPU = Debug|Any CPU
		Release|Any CPU = Release|Any CPU
	EndGlobalSection
	GlobalSection(ProjectConfigurationPlatforms) = postSolution
		{B0E3CA6C-1B9F-4CFD-A9AF-A08A7E4CEE54}.Debug|Any CPU.ActiveCfg = Debug|Any CPU
		{B0E3CA6C-1B9F-4CFD-A9AF-A08A7E4CEE54}.Debug|Any CPU.Build.0 = Debug|Any CPU
		{B0E3CA6C-1B9F-4CFD-A9AF-A08A7E4CEE54}.Release|Any CPU.ActiveCfg = Release|Any CPU
		{B0E3CA6C-1B9F-4CFD-A9AF-A08A7E4CEE54}.Release|Any CPU.Build.0 = Release|Any CPU
		{49921F2F-0221-4AC9-B176-431FC169F07F}.Debug|Any CPU.ActiveCfg = Debug|Any CPU
		{49921F2F-0221-4AC9-B176-431FC169F07F}.Debug|Any CPU.Build.0 = Debug|Any CPU
		{49921F2F-0221-4AC9-B176-431FC169F07F}.Release|Any CPU.ActiveCfg = Release|Any CPU
		{49921F2F-0221-4AC9-B176-431FC169F07F}.Release|Any CPU.Build.0 = Release|Any CPU
	EndGlobalSection
	GlobalSection(SolutionProperties) = preSolution
		HideSolutionNode = FALSE
	EndGlobalSection
	GlobalSection(ExtensibilityGlobals) = postSolution
		SolutionGuid = {83D7A02B-5F99-4804-A4D8-5AAC096FC037}
	EndGlobalSection
EndGlobal
